// !$*UTF8*$!
{
	archiveVersion = 1;
	classes = {
	};
	objectVersion = 77;
	objects = {

/* Begin PBXContainerItemProxy section */
		FFAAD96B2F17FE3400C977E7 /* PBXContainerItemProxy */ = {
			isa = PBXContainerItemProxy;
			containerPortal = FFAAD94C2F17FE3300C977E7 /* Project object */;
			proxyType = 1;
			remoteGlobalIDString = FFAAD9532F17FE3300C977E7;
			remoteInfo = AnimasyonluButton;
		};
		FFAAD9752F17FE3400C977E7 /* PBXContainerItemProxy */ = {
			isa = PBXContainerItemProxy;
			containerPortal = FFAAD94C2F17FE3300C977E7 /* Project object */;
			proxyType = 1;
			remoteGlobalIDString = FFAAD9532F17FE3300C977E7;
			remoteInfo = AnimasyonluButton;
		};
/* End PBXContainerItemProxy section */

/* Begin PBXFileReference section */
		FFAAD9542F17FE3300C977E7 /* AnimasyonluButton.app */ = {isa = PBXFileReference; explicitFileType = wrapper.application; includeInIndex = 0; path = AnimasyonluButton.app; sourceTree = BUILT_PRODUCTS_DIR; };
		FFAAD96A2F17FE3400C977E7 /* AnimasyonluButtonTests.xctest */ = {isa = PBXFileReference; explicitFileType = wrapper.cfbundle; includeInIndex = 0; path = AnimasyonluButtonTests.xctest; sourceTree = BUILT_PRODUCTS_DIR; };
		FFAAD9742F17FE3400C977E7 /* AnimasyonluButtonUITests.xctest */ = {isa = PBXFileReference; explicitFileType = wrapper.cfbundle; includeInIndex = 0; path = AnimasyonluButtonUITests.xctest; sourceTree = BUILT_PRODUCTS_DIR; };
/* End PBXFileReference section */

/* Begin PBXFileSystemSynchronizedBuildFileExceptionSet section */
		FFAAD97C2F17FE3400C977E7 /* Exceptions for "AnimasyonluButton" folder in "AnimasyonluButton" target */ = {
			isa = PBXFileSystemSynchronizedBuildFileExceptionSet;
			membershipExceptions = (
				Info.plist,
			);
			target = FFAAD9532F17FE3300C977E7 /* AnimasyonluButton */;
		};
/* End PBXFileSystemSynchronizedBuildFileExceptionSet section */

/* Begin PBXFileSystemSynchronizedRootGroup section */
		FFAAD9562F17FE3300C977E7 /* AnimasyonluButton */ = {
			isa = PBXFileSystemSynchronizedRootGroup;
			exceptions = (
				FFAAD97C2F17FE3400C977E7 /* Exceptions for "AnimasyonluButton" folder in "AnimasyonluButton" target */,
			);
			path = AnimasyonluButton;
			sourceTree = "<group>";
		};
		FFAAD96D2F17FE3400C977E7 /* AnimasyonluButtonTests */ = {
			isa = PBXFileSystemSynchronizedRootGroup;
			path = AnimasyonluButtonTests;
			sourceTree = "<group>";
		};
		FFAAD9772F17FE3400C977E7 /* AnimasyonluButtonUITests */ = {
			isa = PBXFileSystemSynchronizedRootGroup;
			path = AnimasyonluButtonUITests;
			sourceTree = "<group>";
		};
/* End PBXFileSystemSynchronizedRootGroup section */

/* Begin PBXFrameworksBuildPhase section */
		FFAAD9512F17FE3300C977E7 /* Frameworks */ = {
			isa = PBXFrameworksBuildPhase;
			buildActionMask = 2147483647;
			files = (
			);
			runOnlyForDeploymentPostprocessing = 0;
		};
		FFAAD9672F17FE3400C977E7 /* Frameworks */ = {
			isa = PBXFrameworksBuildPhase;
			buildActionMask = 2147483647;
			files = (
			);
			runOnlyForDeploymentPostprocessing = 0;
		};
		FFAAD9712F17FE3400C977E7 /* Frameworks */ = {
			isa = PBXFrameworksBuildPhase;
			buildActionMask = 2147483647;
			files = (
			);
			runOnlyForDeploymentPostprocessing = 0;
		};
/* End PBXFrameworksBuildPhase section */

/* Begin PBXGroup section */
		FFAAD94B2F17FE3300C977E7 = {
			isa = PBXGroup;
			children = (
				FFAAD9562F17FE3300C977E7 /* AnimasyonluButton */,
				FFAAD96D2F17FE3400C977E7 /* AnimasyonluButtonTests */,
				FFAAD9772F17FE3400C977E7 /* AnimasyonluButtonUITests */,
				FFAAD9552F17FE3300C977E7 /* Products */,
			);
			sourceTree = "<group>";
		};
		FFAAD9552F17FE3300C977E7 /* Products */ = {
			isa = PBXGroup;
			children = (
				FFAAD9542F17FE3300C977E7 /* AnimasyonluButton.app */,
				FFAAD96A2F17FE3400C977E7 /* AnimasyonluButtonTests.xctest */,
				FFAAD9742F17FE3400C977E7 /* AnimasyonluButtonUITests.xctest */,
			);
			name = Products;
			sourceTree = "<group>";
		};
/* End PBXGroup section */

/* Begin PBXNativeTarget section */
		FFAAD9532F17FE3300C977E7 /* AnimasyonluButton */ = {
			isa = PBXNativeTarget;
			buildConfigurationList = FFAAD97D2F17FE3400C977E7 /* Build configuration list for PBXNativeTarget "AnimasyonluButton" */;
			buildPhases = (
				FFAAD9502F17FE3300C977E7 /* Sources */,
				FFAAD9512F17FE3300C977E7 /* Frameworks */,
				FFAAD9522F17FE3300C977E7 /* Resources */,
			);
			buildRules = (
			);
			dependencies = (
			);
			fileSystemSynchronizedGroups = (
				FFAAD9562F17FE3300C977E7 /* AnimasyonluButton */,
			);
			name = AnimasyonluButton;
			packageProductDependencies = (
			);
			productName = AnimasyonluButton;
			productReference = FFAAD9542F17FE3300C977E7 /* AnimasyonluButton.app */;
			productType = "com.apple.product-type.application";
		};
		FFAAD9692F17FE3400C977E7 /* AnimasyonluButtonTests */ = {
			isa = PBXNativeTarget;
			buildConfigurationList = FFAAD9822F17FE3400C977E7 /* Build configuration list for PBXNativeTarget "AnimasyonluButtonTests" */;
			buildPhases = (
				FFAAD9662F17FE3400C977E7 /* Sources */,
				FFAAD9672F17FE3400C977E7 /* Frameworks */,
				FFAAD9682F17FE3400C977E7 /* Resources */,
			);
			buildRules = (
			);
			dependencies = (
				FFAAD96C2F17FE3400C977E7 /* PBXTargetDependency */,
			);
			fileSystemSynchronizedGroups = (
				FFAAD96D2F17FE3400C977E7 /* AnimasyonluButtonTests */,
			);
			name = AnimasyonluButtonTests;
			packageProductDependencies = (
			);
			productName = AnimasyonluButtonTests;
			productReference = FFAAD96A2F17FE3400C977E7 /* AnimasyonluButtonTests.xctest */;
			productType = "com.apple.product-type.bundle.unit-test";
		};
		FFAAD9732F17FE3400C977E7 /* AnimasyonluButtonUITests */ = {
			isa = PBXNativeTarget;
			buildConfigurationList = FFAAD9852F17FE3400C977E7 /* Build configuration list for PBXNativeTarget "AnimasyonluButtonUITests" */;
			buildPhases = (
				FFAAD9702F17FE3400C977E7 /* Sources */,
				FFAAD9712F17FE3400C977E7 /* Frameworks */,
				FFAAD9722F17FE3400C977E7 /* Resources */,
			);
			buildRules = (
			);
			dependencies = (
				FFAAD9762F17FE3400C977E7 /* PBXTargetDependency */,
			);
			fileSystemSynchronizedGroups = (
				FFAAD9772F17FE3400C977E7 /* AnimasyonluButtonUITests */,
			);
			name = AnimasyonluButtonUITests;
			packageProductDependencies = (
			);
			productName = AnimasyonluButtonUITests;
			productReference = FFAAD9742F17FE3400C977E7 /* AnimasyonluButtonUITests.xctest */;
			productType = "com.apple.product-type.bundle.ui-testing";
		};
/* End PBXNativeTarget section */

/* Begin PBXProject section */
		FFAAD94C2F17FE3300C977E7 /* Project object */ = {
			isa = PBXProject;
			attributes = {
				BuildIndependentTargetsInParallel = 1;
				LastSwiftUpdateCheck = 2620;
				LastUpgradeCheck = 2620;
				TargetAttributes = {
					FFAAD9532F17FE3300C977E7 = {
						CreatedOnToolsVersion = 26.2;
					};
					FFAAD9692F17FE3400C977E7 = {
						CreatedOnToolsVersion = 26.2;
						TestTargetID = FFAAD9532F17FE3300C977E7;
					};
					FFAAD9732F17FE3400C977E7 = {
						CreatedOnToolsVersion = 26.2;
						TestTargetID = FFAAD9532F17FE3300C977E7;
					};
				};
			};
			buildConfigurationList = FFAAD94F2F17FE3300C977E7 /* Build configuration list for PBXProject "AnimasyonluButton" */;
			developmentRegion = en;
			hasScannedForEncodings = 0;
			knownRegions = (
				en,
				Base,
			);
			mainGroup = FFAAD94B2F17FE3300C977E7;
			minimizedProjectReferenceProxies = 1;
			preferredProjectObjectVersion = 77;
			productRefGroup = FFAAD9552F17FE3300C977E7 /* Products */;
			projectDirPath = "";
			projectRoot = "";
			targets = (
				FFAAD9532F17FE3300C977E7 /* AnimasyonluButton */,
				FFAAD9692F17FE3400C977E7 /* AnimasyonluButtonTests */,
				FFAAD9732F17FE3400C977E7 /* AnimasyonluButtonUITests */,
			);
		};
/* End PBXProject section */

/* Begin PBXResourcesBuildPhase section */
		FFAAD9522F17FE3300C977E7 /* Resources */ = {
			isa = PBXResourcesBuildPhase;
			buildActionMask = 2147483647;
			files = (
			);
			runOnlyForDeploymentPostprocessing = 0;
		};
		FFAAD9682F17FE3400C977E7 /* Resources */ = {
			isa = PBXResourcesBuildPhase;
			buildActionMask = 2147483647;
			files = (
			);
			runOnlyForDeploymentPostprocessing = 0;
		};
		FFAAD9722F17FE3400C977E7 /* Resources */ = {
			isa = PBXResourcesBuildPhase;
			buildActionMask = 2147483647;
			files = (
			);
			runOnlyForDeploymentPostprocessing = 0;
		};
/* End PBXResourcesBuildPhase section */

/* Begin PBXSourcesBuildPhase section */
		FFAAD9502F17FE3300C977E7 /* Sources */ = {
			isa = PBXSourcesBuildPhase;
			buildActionMask = 2147483647;
			files = (
			);
			runOnlyForDeploymentPostprocessing = 0;
		};
		FFAAD9662F17FE3400C977E7 /* Sources */ = {
			isa = PBXSourcesBuildPhase;
			buildActionMask = 2147483647;
			files = (
			);
			runOnlyForDeploymentPostprocessing = 0;
		};
		FFAAD9702F17FE3400C977E7 /* Sources */ = {
			isa = PBXSourcesBuildPhase;
			buildActionMask = 2147483647;
			files = (
			);
			runOnlyForDeploymentPostprocessing = 0;
		};
/* End PBXSourcesBuildPhase section */

/* Begin PBXTargetDependency section */
		FFAAD96C2F17FE3400C977E7 /* PBXTargetDependency */ = {
			isa = PBXTargetDependency;
			target = FFAAD9532F17FE3300C977E7 /* AnimasyonluButton */;
			targetProxy = FFAAD96B2F17FE3400C977E7 /* PBXContainerItemProxy */;
		};
		FFAAD9762F17FE3400C977E7 /* PBXTargetDependency */ = {
			isa = PBXTargetDependency;
			target = FFAAD9532F17FE3300C977E7 /* AnimasyonluButton */;
			targetProxy = FFAAD9752F17FE3400C977E7 /* PBXContainerItemProxy */;
		};
/* End PBXTargetDependency section */

/* Begin XCBuildConfiguration section */
		FFAAD97E2F17FE3400C977E7 /* Debug */ = {
			isa = XCBuildConfiguration;
			buildSettings = {
				ASSETCATALOG_COMPILER_APPICON_NAME = AppIcon;
				ASSETCATALOG_COMPILER_GLOBAL_ACCENT_COLOR_NAME = AccentColor;
				CODE_SIGN_STYLE = Automatic;
				CURRENT_PROJECT_VERSION = 1;
				DEVELOPMENT_TEAM = T985K3P4V7;
				GENERATE_INFOPLIST_FILE = YES;
				INFOPLIST_FILE = AnimasyonluButton/Info.plist;
				INFOPLIST_KEY_UIApplicationSupportsIndirectInputEvents = YES;
				INFOPLIST_KEY_UILaunchStoryboardName = LaunchScreen;
				INFOPLIST_KEY_UIMainStoryboardFile = Main;
				INFOPLIST_KEY_UISupportedInterfaceOrientations_iPad = "UIInterfaceOrientationPortrait UIInterfaceOrientationPortraitUpsideDown UIInterfaceOrientationLandscapeLeft UIInterfaceOrientationLandscapeRight";
				INFOPLIST_KEY_UISupportedInterfaceOrientations_iPhone = "UIInterfaceOrientationPortrait UIInterfaceOrientationLandscapeLeft UIInterfaceOrientationLandscapeRight";
				LD_RUNPATH_SEARCH_PATHS = (
					"$(inherited)",
					"@executable_path/Frameworks",
				);
				MARKETING_VERSION = 1.0;
				PRODUCT_BUNDLE_IDENTIFIER = com.omerapaydin.AnimasyonluButton;
				PRODUCT_NAME = "$(TARGET_NAME)";
				STRING_CATALOG_GENERATE_SYMBOLS = YES;
				SWIFT_APPROACHABLE_CONCURRENCY = YES;
				SWIFT_DEFAULT_ACTOR_ISOLATION = MainActor;
				SWIFT_EMIT_LOC_STRINGS = YES;
				SWIFT_UPCOMING_FEATURE_MEMBER_IMPORT_VISIBILITY = YES;
				SWIFT_VERSION = 5.0;
				TARGETED_DEVICE_FAMILY = "1,2";
			};
			name = Debug;
		};
		FFAAD97F2F17FE3400C977E7 /* Release */ = {
			isa = XCBuildConfiguration;
			buildSettings = {
				ASSETCATALOG_COMPILER_APPICON_NAME = AppIcon;
				ASSETCATALOG_COMPILER_GLOBAL_ACCENT_COLOR_NAME = AccentColor;
				CODE_SIGN_STYLE = Automatic;
				CURRENT_PROJECT_VERSION = 1;
				DEVELOPMENT_TEAM = T985K3P4V7;
				GENERATE_INFOPLIST_FILE = YES;
				INFOPLIST_FILE = AnimasyonluButton/Info.plist;
				INFOPLIST_KEY_UIApplicationSupportsIndirectInputEvents = YES;
				INFOPLIST_KEY_UILaunchStoryboardName = LaunchScreen;
				INFOPLIST_KEY_UIMainStoryboardFile = Main;
				INFOPLIST_KEY_UISupportedInterfaceOrientations_iPad = "UIInterfaceOrientationPortrait UIInterfaceOrientationPortraitUpsideDown UIInterfaceOrientationLandscapeLeft UIInterfaceOrientationLandscapeRight";
				INFOPLIST_KEY_UISupportedInterfaceOrientations_iPhone = "UIInterfaceOrientationPortrait UIInterfaceOrientationLandscapeLeft UIInterfaceOrientationLandscapeRight";
				LD_RUNPATH_SEARCH_PATHS = (
					"$(inherited)",
					"@executable_path/Frameworks",
				);
				MARKETING_VERSION = 1.0;
				PRODUCT_BUNDLE_IDENTIFIER = com.omerapaydin.AnimasyonluButton;
				PRODUCT_NAME = "$(TARGET_NAME)";
				STRING_CATALOG_GENERATE_SYMBOLS = YES;
				SWIFT_APPROACHABLE_CONCURRENCY = YES;
				SWIFT_DEFAULT_ACTOR_ISOLATION = MainActor;
				SWIFT_EMIT_LOC_STRINGS = YES;
				SWIFT_UPCOMING_FEATURE_MEMBER_IMPORT_VISIBILITY = YES;
				SWIFT_VERSION = 5.0;
				TARGETED_DEVICE_FAMILY = "1,2";
			};
			name = Release;
		};
		FFAAD9802F17FE3400C977E7 /* Debug */ = {
			isa = XCBuildConfiguration;
			buildSettings = {
				ALWAYS_SEARCH_USER_PATHS = NO;
				ASSETCATALOG_COMPILER_GENERATE_SWIFT_ASSET_SYMBOL_EXTENSIONS = YES;
				CLANG_ANALYZER_NONNULL = YES;
				CLANG_ANALYZER_NUMBER_OBJECT_CONVERSION = YES_AGGRESSIVE;
				CLANG_CXX_LANGUAGE_STANDARD = "gnu++20";
				CLANG_ENABLE_MODULES = YES;
				CLANG_ENABLE_OBJC_ARC = YES;
				CLANG_ENABLE_OBJC_WEAK = YES;
				CLANG_WARN_BLOCK_CAPTURE_AUTORELEASING = YES;
				CLANG_WARN_BOOL_CONVERSION = YES;
				CLANG_WARN_COMMA = YES;
				CLANG_WARN_CONSTANT_CONVERSION = YES;
				CLANG_WARN_DEPRECATED_OBJC_IMPLEMENTATIONS = YES;
				CLANG_WARN_DIRECT_OBJC_ISA_USAGE = YES_ERROR;
				CLANG_WARN_DOCUMENTATION_COMMENTS = YES;
				CLANG_WARN_EMPTY_BODY = YES;
				CLANG_WARN_ENUM_CONVERSION = YES;
				CLANG_WARN_INFINITE_RECURSION = YES;
				CLANG_WARN_INT_CONVERSION = YES;
				CLANG_WARN_NON_LITERAL_NULL_CONVERSION = YES;
				CLANG_WARN_OBJC_IMPLICIT_RETAIN_SELF = YES;
				CLANG_WARN_OBJC_LITERAL_CONVERSION = YES;
				CLANG_WARN_OBJC_ROOT_CLASS = YES_ERROR;
				CLANG_WARN_QUOTED_INCLUDE_IN_FRAMEWORK_HEADER = YES;
				CLANG_WARN_RANGE_LOOP_ANALYSIS = YES;
				CLANG_WARN_STRICT_PROTOTYPES = YES;
				CLANG_WARN_SUSPICIOUS_MOVE = YES;
				CLANG_WARN_UNGUARDED_AVAILABILITY = YES_AGGRESSIVE;
				CLANG_WARN_UNREACHABLE_CODE = YES;
				CLANG_WARN__DUPLICATE_METHOD_MATCH = YES;
				COPY_PHASE_STRIP = NO;
				DEBUG_INFORMATION_FORMAT = dwarf;
				DEVELOPMENT_TEAM = T985K3P4V7;
				ENABLE_STRICT_OBJC_MSGSEND = YES;
				ENABLE_TESTABILITY = YES;
				ENABLE_USER_SCRIPT_SANDBOXING = YES;
				GCC_C_LANGUAGE_STANDARD = gnu17;
				GCC_DYNAMIC_NO_PIC = NO;
				GCC_NO_COMMON_BLOCKS = YES;
				GCC_OPTIMIZATION_LEVEL = 0;
				GCC_PREPROCESSOR_DEFINITIONS = (
					"DEBUG=1",
					"$(inherited)",
				);
				GCC_WARN_64_TO_32_BIT_CONVERSION = YES;
				GCC_WARN_ABOUT_RETURN_TYPE = YES_ERROR;
				GCC_WARN_UNDECLARED_SELECTOR = YES;
				GCC_WARN_UNINITIALIZED_AUTOS = YES_AGGRESSIVE;
				GCC_WARN_UNUSED_FUNCTION = YES;
				GCC_WARN_UNUSED_VARIABLE = YES;
				IPHONEOS_DEPLOYMENT_TARGET = 26.2;
				LOCALIZATION_PREFERS_STRING_CATALOGS = YES;
				MTL_ENABLE_DEBUG_INFO = INCLUDE_SOURCE;
				MTL_FAST_MATH = YES;
				ONLY_ACTIVE_ARCH = YES;
				SDKROOT = iphoneos;
				SWIFT_ACTIVE_COMPILATION_CONDITIONS = "DEBUG $(inherited)";
				SWIFT_OPTIMIZATION_LEVEL = "-Onone";
			};
			name = Debug;
		};
		FFAAD9812F17FE3400C977E7 /* Release */ = {
			isa = XCBuildConfiguration;
			buildSettings = {
				ALWAYS_SEARCH_USER_PATHS = NO;
				ASSETCATALOG_COMPILER_GENERATE_SWIFT_ASSET_SYMBOL_EXTENSIONS = YES;
				CLANG_ANALYZER_NONNULL = YES;
				CLANG_ANALYZER_NUMBER_OBJECT_CONVERSION = YES_AGGRESSIVE;
				CLANG_CXX_LANGUAGE_STANDARD = "gnu++20";
				CLANG_ENABLE_MODULES = YES;
				CLANG_ENABLE_OBJC_ARC = YES;
				CLANG_ENABLE_OBJC_WEAK = YES;
				CLANG_WARN_BLOCK_CAPTURE_AUTORELEASING = YES;
				CLANG_WARN_BOOL_CONVERSION = YES;
				CLANG_WARN_COMMA = YES;
				CLANG_WARN_CONSTANT_CONVERSION = YES;
				CLANG_WARN_DEPRECATED_OBJC_IMPLEMENTATIONS = YES;
				CLANG_WARN_DIRECT_OBJC_ISA_USAGE = YES_ERROR;
				CLANG_WARN_DOCUMENTATION_COMMENTS = YES;
				CLANG_WARN_EMPTY_BODY = YES;
				CLANG_WARN_ENUM_CONVERSION = YES;
				CLANG_WARN_INFINITE_RECURSION = YES;
				CLANG_WARN_INT_CONVERSION = YES;
				CLANG_WARN_NON_LITERAL_NULL_CONVERSION = YES;
				CLANG_WARN_OBJC_IMPLICIT_RETAIN_SELF = YES;
				CLANG_WARN_OBJC_LITERAL_CONVERSION = YES;
				CLANG_WARN_OBJC_ROOT_CLASS = YES_ERROR;
				CLANG_WARN_QUOTED_INCLUDE_IN_FRAMEWORK_HEADER = YES;
				CLANG_WARN_RANGE_LOOP_ANALYSIS = YES;
				CLANG_WARN_STRICT_PROTOTYPES = YES;
				CLANG_WARN_SUSPICIOUS_MOVE = YES;
				CLANG_WARN_UNGUARDED_AVAILABILITY = YES_AGGRESSIVE;
				CLANG_WARN_UNREACHABLE_CODE = YES;
				CLANG_WARN__DUPLICATE_METHOD_MATCH = YES;
				COPY_PHASE_STRIP = NO;
				DEBUG_INFORMATION_FORMAT = "dwarf-with-dsym";
				DEVELOPMENT_TEAM = T985K3P4V7;
				ENABLE_NS_ASSERTIONS = NO;
				ENABLE_STRICT_OBJC_MSGSEND = YES;
				ENABLE_USER_SCRIPT_SANDBOXING = YES;
				GCC_C_LANGUAGE_STANDARD = gnu17;
				GCC_NO_COMMON_BLOCKS = YES;
				GCC_WARN_64_TO_32_BIT_CONVERSION = YES;
				GCC_WARN_ABOUT_RETURN_TYPE = YES_ERROR;
				GCC_WARN_UNDECLARED_SELECTOR = YES;
				GCC_WARN_UNINITIALIZED_AUTOS = YES_AGGRESSIVE;
				GCC_WARN_UNUSED_FUNCTION = YES;
				GCC_WARN_UNUSED_VARIABLE = YES;
				IPHONEOS_DEPLOYMENT_TARGET = 26.2;
				LOCALIZATION_PREFERS_STRING_CATALOGS = YES;
				MTL_ENABLE_DEBUG_INFO = NO;
				MTL_FAST_MATH = YES;
				SDKROOT = iphoneos;
				SWIFT_COMPILATION_MODE = wholemodule;
				VALIDATE_PRODUCT = YES;
			};
			name = Release;
		};
		FFAAD9832F17FE3400C977E7 /* Debug */ = {
			isa = XCBuildConfiguration;
			buildSettings = {
				BUNDLE_LOADER = "$(TEST_HOST)";
				CODE_SIGN_STYLE = Automatic;
				CURRENT_PROJECT_VERSION = 1;
				DEVELOPMENT_TEAM = T985K3P4V7;
				GENERATE_INFOPLIST_FILE = YES;
				IPHONEOS_DEPLOYMENT_TARGET = 26.2;
				MARKETING_VERSION = 1.0;
				PRODUCT_BUNDLE_IDENTIFIER = com.omerapaydin.AnimasyonluButtonTests;
				PRODUCT_NAME = "$(TARGET_NAME)";
				STRING_CATALOG_GENERATE_SYMBOLS = NO;
				SWIFT_APPROACHABLE_CONCURRENCY = YES;
				SWIFT_EMIT_LOC_STRINGS = NO;
				SWIFT_UPCOMING_FEATURE_MEMBER_IMPORT_VISIBILITY = YES;
				SWIFT_VERSION = 5.0;
				TARGETED_DEVICE_FAMILY = "1,2";
				TEST_HOST = "$(BUILT_PRODUCTS_DIR)/AnimasyonluButton.app/$(BUNDLE_EXECUTABLE_FOLDER_PATH)/AnimasyonluButton";
			};
			name = Debug;
		};
		FFAAD9842F17FE3400C977E7 /* Release */ = {
			isa = XCBuildConfiguration;
			buildSettings = {
				BUNDLE_LOADER = "$(TEST_HOST)";
				CODE_SIGN_STYLE = Automatic;
				CURRENT_PROJECT_VERSION = 1;
				DEVELOPMENT_TEAM = T985K3P4V7;
				GENERATE_INFOPLIST_FILE = YES;
				IPHONEOS_DEPLOYMENT_TARGET = 26.2;
				MARKETING_VERSION = 1.0;
				PRODUCT_BUNDLE_IDENTIFIER = com.omerapaydin.AnimasyonluButtonTests;
				PRODUCT_NAME = "$(TARGET_NAME)";
				STRING_CATALOG_GENERATE_SYMBOLS = NO;
				SWIFT_APPROACHABLE_CONCURRENCY = YES;
				SWIFT_EMIT_LOC_STRINGS = NO;
				SWIFT_UPCOMING_FEATURE_MEMBER_IMPORT_VISIBILITY = YES;
				SWIFT_VERSION = 5.0;
				TARGETED_DEVICE_FAMILY = "1,2";
				TEST_HOST = "$(BUILT_PRODUCTS_DIR)/AnimasyonluButton.app/$(BUNDLE_EXECUTABLE_FOLDER_PATH)/AnimasyonluButton";
			};
			name = Release;
		};
		FFAAD9862F17FE3400C977E7 /* Debug */ = {
			isa = XCBuildConfiguration;
			buildSettings = {
				CODE_SIGN_STYLE = Automatic;
				CURRENT_PROJECT_VERSION = 1;
				DEVELOPMENT_TEAM = T985K3P4V7;
				GENERATE_INFOPLIST_FILE = YES;
				MARKETING_VERSION = 1.0;
				PRODUCT_BUNDLE_IDENTIFIER = com.omerapaydin.AnimasyonluButtonUITests;
				PRODUCT_NAME = "$(TARGET_NAME)";
				STRING_CATALOG_GENERATE_SYMBOLS = NO;
				SWIFT_APPROACHABLE_CONCURRENCY = YES;
				SWIFT_EMIT_LOC_STRINGS = NO;
				SWIFT_UPCOMING_FEATURE_MEMBER_IMPORT_VISIBILITY = YES;
				SWIFT_VERSION = 5.0;
				TARGETED_DEVICE_FAMILY = "1,2";
				TEST_TARGET_NAME = AnimasyonluButton;
			};
			name = Debug;
		};
		FFAAD9872F17FE3400C977E7 /* Release */ = {
			isa = XCBuildConfiguration;
			buildSettings = {
				CODE_SIGN_STYLE = Automatic;
				CURRENT_PROJECT_VERSION = 1;
				DEVELOPMENT_TEAM = T985K3P4V7;
				GENERATE_INFOPLIST_FILE = YES;
				MARKETING_VERSION = 1.0;
				PRODUCT_BUNDLE_IDENTIFIER = com.omerapaydin.AnimasyonluButtonUITests;
				PRODUCT_NAME = "$(TARGET_NAME)";
				STRING_CATALOG_GENERATE_SYMBOLS = NO;
				SWIFT_APPROACHABLE_CONCURRENCY = YES;
				SWIFT_EMIT_LOC_STRINGS = NO;
				SWIFT_UPCOMING_FEATURE_MEMBER_IMPORT_VISIBILITY = YES;
				SWIFT_VERSION = 5.0;
				TARGETED_DEVICE_FAMILY = "1,2";
				TEST_TARGET_NAME = AnimasyonluButton;
			};
			name = Release;
		};
/* End XCBuildConfiguration section */

/* Begin XCConfigurationList section */
		FFAAD94F2F17FE3300C977E7 /* Build configuration list for PBXProject "AnimasyonluButton" */ = {
			isa = XCConfigurationList;
			buildConfigurations = (
				FFAAD9802F17FE3400C977E7 /* Debug */,
				FFAAD9812F17FE3400C977E7 /* Release */,
			);
			defaultConfigurationIsVisible = 0;
			defaultConfigurationName = Release;
		};
		FFAAD97D2F17FE3400C977E7 /* Build configuration list for PBXNativeTarget "AnimasyonluButton" */ = {
			isa = XCConfigurationList;
			buildConfigurations = (
				FFAAD97E2F17FE3400C977E7 /* Debug */,
				FFAAD97F2F17FE3400C977E7 /* Release */,
			);
			defaultConfigurationIsVisible = 0;
			defaultConfigurationName = Release;
		};
		FFAAD9822F17FE3400C977E7 /* Build configuration list for PBXNativeTarget "AnimasyonluButtonTests" */ = {
			isa = XCConfigurationList;
			buildConfigurations = (
				FFAAD9832F17FE3400C977E7 /* Debug */,
				FFAAD9842F17FE3400C977E7 /* Release */,
			);
			defaultConfigurationIsVisible = 0;
			defaultConfigurationName = Release;
		};
		FFAAD9852F17FE3400C977E7 /* Build configuration list for PBXNativeTarget "AnimasyonluButtonUITests" */ = {
			isa = XCConfigurationList;
			buildConfigurations = (
				FFAAD9862F17FE3400C977E7 /* Debug */,
				FFAAD9872F17FE3400C977E7 /* Release */,
			);
			defaultConfigurationIsVisible = 0;
			defaultConfigurationName = Release;
		};
/* End XCConfigurationList section */
	};
	rootObject = FFAAD94C2F17FE3300C977E7 /* Project object */;
}
